github.com/geonaut/hugo-cookbook-theme v0.0.0-20260404183057-98fa812110df h1:0RpgYlowD4fCPDf8X4S01vmjsvdrIkREO4UROD/fcYg=
github.com/geonaut/hugo-cookbook-theme v0.0.0-20260404183057-98fa812110df/go.mod h1:stC9yMxKjpwromsxyeyaPqjTBe4L2ETEdngP0sTHVQ4=
github.com/geonaut/hugo-cookbook-theme v0.0.0-20260405150735-9b7d1f7c81e7 h1:Ykww8bQ8Y7HMu3Sl8wGWQpvDAzkmlFJCKZjj+qCS18w=
github.com/geonaut/hugo-cookbook-theme v0.0.0-20260405150735-9b7d1f7c81e7/go.mod h1:stC9yMxKjpwromsxyeyaPqjTBe4L2ETEdngP0sTHVQ4=
github.com/geonaut/hugo-cookbook-theme v0.0.0-20260405153946-fbf5da61191f h1:Q6oN8ajlZlhYzBfXkmoDVz2ChZAjTaPc9SaZgRhz7+o=
github.com/geonaut/hugo-cookbook-theme v0.0.0-20260405153946-fbf5da61191f/go.mod h1:stC9yMxKjpwromsxyeyaPqjTBe4L2ETEdngP0sTHVQ4=
github.com/geonaut/hugo-cookbook-theme v0.0.0-20260406120621-d5c15e67393f h1:XfZdxDuV7Bujxo/fFXm5q+o5zik72zdkmMBl295/cn0=
github.com/geonaut/hugo-cookbook-theme v0.0.0-20260406120621-d5c15e67393f/go.mod h1:stC9yMxKjpwromsxyeyaPqjTBe4L2ETEdngP0sTHVQ4=
github.com/geonaut/hugo-cookbook-theme v0.0.0-20260406122603-d1a159ad5bb6 h1:6D2cQfNGASndvG+MjVKj5S4Epnb1j8mhY4J5jaEh2Eo=
github.com/geonaut/hugo-cookbook-theme v0.0.0-20260406122603-d1a159ad5bb6/go.mod h1:stC9yMxKjpwromsxyeyaPqjTBe4L2ETEdngP0sTHVQ4=
github.com/geonaut/hugo-cookbook-theme v0.0.0-20260406203123-28c01e63f9a1 h1:/He9nnWEAgPc6ENtJ3nGSMT5/hhUE7L3Gy+4B/Wk3Ss=
github.com/geonaut/hugo-cookbook-theme v0.0.0-20260406203123-28c01e63f9a1/go.mod h1:stC9yMxKjpwromsxyeyaPqjTBe4L2ETEdngP0sTHVQ4=
github.com/geonaut/hugo-cookbook-theme v0.0.0-20260408085541-29e9863522b5 h1:jl6IJmPi0ueewBUF3ESDji0FDOJYTRgIrmbSdKXX+LE=
github.com/geonaut/hugo-cookbook-theme v0.0.0-20260408085541-29e9863522b5/go.mod h1:stC9yMxKjpwromsxyeyaPqjTBe4L2ETEdngP0sTHVQ4=
github.com/geonaut/hugo-cookbook-theme v0.0.0-20260408094007-1dd8868fc08c h1:eVXN/lk8u/QUQ9khHlEhMahNtW+2Z/kZ8pGPQKtQtxM=
github.com/geonaut/hugo-cookbook-theme v0.0.0-20260408094007-1dd8868fc08c/go.mod h1:stC9yMxKjpwromsxyeyaPqjTBe4L2ETEdngP0sTHVQ4=
github.com/geonaut/hugo-cookbook-theme v0.0.0-20260408105129-b51981f6b569 h1:dV7plFfnc6/A5vHoEIUyKsjlhzbMiKXJzYXKKb9cpxs=
github.com/geonaut/hugo-cookbook-theme v0.0.0-20260408105129-b51981f6b569/go.mod h1:stC9yMxKjpwromsxyeyaPqjTBe4L2ETEdngP0sTHVQ4=
github.com/geonaut/hugo-cookbook-theme v0.0.0-20260412134701-33d4a0d7071e h1:vS90REbmK+gY8LznaP/kbo3guPmPUqlDBJZKtYkrKms=
github.com/geonaut/hugo-cookbook-theme v0.0.0-20260412134701-33d4a0d7071e/go.mod h1:stC9yMxKjpwromsxyeyaPqjTBe4L2ETEdngP0sTHVQ4=
